Microsoft Visual Studio Solution File, Format Version 12.00
# Visual Studio Version 17
VisualStudioVersion = 17.5.2.0
MinimumVisualStudioVersion = 10.0.40219.1
Project("{FAE04EC0-301F-11D3-BF4B-00C04F79EFBC}") = "FileSearchWebServer", "FileSearchWebServer.csproj", "{A6F9E839-BD5E-5477-8D97-5818CBF9DE42}"
EndProject
Global
	GlobalSection(SolutionConfigurationPlatforms) = preSolution
		Debug|Any CPU = Debug|Any CPU
		Release|Any CPU = Release|Any CPU
	EndGlobalSection
	GlobalSection(ProjectConfigurationPlatforms) = postSolution
		{A6F9E839-BD5E-5477-8D97-5818CBF9DE42}.Debug|Any CPU.ActiveCfg = Debug|Any CPU
		{A6F9E839-BD5E-5477-8D97-5818CBF9DE42}.Debug|Any CPU.Build.0 = Debug|Any CPU
		{A6F9E839-BD5E-5477-8D97-5818CBF9DE42}.Release|Any CPU.ActiveCfg = Release|Any CPU
		{A6F9E839-BD5E-5477-8D97-5818CBF9DE42}.Release|Any CPU.Build.0 = Release|Any CPU
	EndGlobalSection
	GlobalSection(SolutionProperties) = preSolution
		HideSolutionNode = FALSE
	EndGlobalSection
	GlobalSection(ExtensibilityGlobals) = postSolution
		SolutionGuid = {15BDF2B2-7928-4B8F-91D8-316E7A5525C0}
	EndGlobalSection
EndGlobal
